
Microsoft Visual Studio Solution File, Format Version 12.00
# Visual Studio Version 17
VisualStudioVersion = 17.12.35707.178 d17.12
MinimumVisualStudioVersion = 10.0.40219.1
Project("{FAE04EC0-301F-11D3-BF4B-00C04F79EFBC}") = "ToolManagementAppV2", "ToolManagementAppV2\ToolManagementAppV2.csproj", "{D7C90C3C-2641-4E33-87A2-8778E278A369}"
EndProject
Project("{FAE04EC0-301F-11D3-BF4B-00C04F79EFBC}") = "ToolManagementAppV2.Tests", "ToolManagementAppV2.Tests\ToolManagementAppV2.Tests.csproj", "{9D3ED6A0-9DED-408A-9F70-14C9A041149F}"
EndProject
Global
	GlobalSection(SolutionConfigurationPlatforms) = preSolution
		Debug|Any CPU = Debug|Any CPU
		Release|Any CPU = Release|Any CPU
	EndGlobalSection
	GlobalSection(ProjectConfigurationPlatforms) = postSolution
		{D7C90C3C-2641-4E33-87A2-8778E278A369}.Debug|Any CPU.ActiveCfg = Debug|Any CPU
		{D7C90C3C-2641-4E33-87A2-8778E278A369}.Debug|Any CPU.Build.0 = Debug|Any CPU
                {D7C90C3C-2641-4E33-87A2-8778E278A369}.Release|Any CPU.ActiveCfg = Release|Any CPU
                {D7C90C3C-2641-4E33-87A2-8778E278A369}.Release|Any CPU.Build.0 = Release|Any CPU
                {9D3ED6A0-9DED-408A-9F70-14C9A041149F}.Debug|Any CPU.ActiveCfg = Debug|Any CPU
                {9D3ED6A0-9DED-408A-9F70-14C9A041149F}.Debug|Any CPU.Build.0 = Debug|Any CPU
                {9D3ED6A0-9DED-408A-9F70-14C9A041149F}.Release|Any CPU.ActiveCfg = Release|Any CPU
                {9D3ED6A0-9DED-408A-9F70-14C9A041149F}.Release|Any CPU.Build.0 = Release|Any CPU
        EndGlobalSection
	GlobalSection(SolutionProperties) = preSolution
		HideSolutionNode = FALSE
	EndGlobalSection
EndGlobal
